
Microsoft Visual Studio Solution File, Format Version 12.00
# Visual Studio Version 17
VisualStudioVersion = 17.8.34330.188
MinimumVisualStudioVersion = 10.0.40219.1
Project("{FAE04EC0-301F-11D3-BF4B-00C04F79EFBC}") = "CompanyEmployees", "CompanyEmployees\CompanyEmployees.csproj", "{01DF2311-1DC6-445E-B5C1-6DA622C70632}"
EndProject
Project("{FAE04EC0-301F-11D3-BF4B-00C04F79EFBC}") = "Contracts", "Contracts\Contracts.csproj", "{8AAFAB4E-DEC9-467B-BE98-EDE218351D51}"
EndProject
Project("{FAE04EC0-301F-11D3-BF4B-00C04F79EFBC}") = "LoggerService", "LoggerService\LoggerService.csproj", "{799AEF8A-A32F-4BD2-8B1F-E8994350EC05}"
EndProject
Global
	GlobalSection(SolutionConfigurationPlatforms) = preSolution
		Debug|Any CPU = Debug|Any CPU
		Release|Any CPU = Release|Any CPU
	EndGlobalSection
	GlobalSection(ProjectConfigurationPlatforms) = postSolution
		{01DF2311-1DC6-445E-B5C1-6DA622C70632}.Debug|Any CPU.ActiveCfg = Debug|Any CPU
		{01DF2311-1DC6-445E-B5C1-6DA622C70632}.Debug|Any CPU.Build.0 = Debug|Any CPU
		{01DF2311-1DC6-445E-B5C1-6DA622C70632}.Release|Any CPU.ActiveCfg = Release|Any CPU
		{01DF2311-1DC6-445E-B5C1-6DA622C70632}.Release|Any CPU.Build.0 = Release|Any CPU
		{8AAFAB4E-DEC9-467B-BE98-EDE218351D51}.Debug|Any CPU.ActiveCfg = Debug|Any CPU
		{8AAFAB4E-DEC9-467B-BE98-EDE218351D51}.Debug|Any CPU.Build.0 = Debug|Any CPU
		{8AAFAB4E-DEC9-467B-BE98-EDE218351D51}.Release|Any CPU.ActiveCfg = Release|Any CPU
		{8AAFAB4E-DEC9-467B-BE98-EDE218351D51}.Release|Any CPU.Build.0 = Release|Any CPU
		{799AEF8A-A32F-4BD2-8B1F-E8994350EC05}.Debug|Any CPU.ActiveCfg = Debug|Any CPU
		{799AEF8A-A32F-4BD2-8B1F-E8994350EC05}.Debug|Any CPU.Build.0 = Debug|Any CPU
		{799AEF8A-A32F-4BD2-8B1F-E8994350EC05}.Release|Any CPU.ActiveCfg = Release|Any CPU
		{799AEF8A-A32F-4BD2-8B1F-E8994350EC05}.Release|Any CPU.Build.0 = Release|Any CPU
	EndGlobalSection
	GlobalSection(SolutionProperties) = preSolution
		HideSolutionNode = FALSE
	EndGlobalSection
	GlobalSection(ExtensibilityGlobals) = postSolution
		SolutionGuid = {09E78168-B55B-4F39-B756-4ACC09758FFE}
	EndGlobalSection
EndGlobal
